
Microsoft Visual Studio Solution File, Format Version 12.00
# Visual Studio 15
VisualStudioVersion = 15.0.26730.16
MinimumVisualStudioVersion = 10.0.40219.1
Project("{FAE04EC0-301F-11D3-BF4B-00C04F79EFBC}") = "DoctorFilesManage", "DoctorFilesManage\DoctorFilesManage.csproj", "{31FBC715-9B09-4509-99E5-4A27D6F9CA62}"
EndProject
Global
	GlobalSection(SolutionConfigurationPlatforms) = preSolution
		Debug|Any CPU = Debug|Any CPU
		Release|Any CPU = Release|Any CPU
	EndGlobalSection
	GlobalSection(ProjectConfigurationPlatforms) = postSolution
		{31FBC715-9B09-4509-99E5-4A27D6F9CA62}.Debug|Any CPU.ActiveCfg = Debug|Any CPU
		{31FBC715-9B09-4509-99E5-4A27D6F9CA62}.Debug|Any CPU.Build.0 = Debug|Any CPU
		{31FBC715-9B09-4509-99E5-4A27D6F9CA62}.Release|Any CPU.ActiveCfg = Release|Any CPU
		{31FBC715-9B09-4509-99E5-4A27D6F9CA62}.Release|Any CPU.Build.0 = Release|Any CPU
	EndGlobalSection
	GlobalSection(SolutionProperties) = preSolution
		HideSolutionNode = FALSE
	EndGlobalSection
	GlobalSection(ExtensibilityGlobals) = postSolution
		SolutionGuid = {EDB17E94-4565-4438-A237-E63DE75B41C8}
	EndGlobalSection
EndGlobal
